
Microsoft Visual Studio Solution File, Format Version 12.00
# Visual Studio Version 16
VisualStudioVersion = 16.0.31112.23
MinimumVisualStudioVersion = 15.0.26124.0
Project("{FAE04EC0-301F-11D3-BF4B-00C04F79EFBC}") = "GuidedLearningApril", "GuidedLearningApril.csproj", "{38C65172-C4DD-46D1-9BF4-F15C5E960B93}"
EndProject
Project("{FAE04EC0-301F-11D3-BF4B-00C04F79EFBC}") = "GuidedLearningApril.API", "..\GuidedLearningApril.API\GuidedLearningApril.API.csproj", "{65919F8C-63C1-46DA-98A3-8DC3D9E4833D}"
EndProject
Global
	GlobalSection(SolutionConfigurationPlatforms) = preSolution
		Debug|Any CPU = Debug|Any CPU
		Debug|x64 = Debug|x64
		Debug|x86 = Debug|x86
		Release|Any CPU = Release|Any CPU
		Release|x64 = Release|x64
		Release|x86 = Release|x86
	EndGlobalSection
	GlobalSection(ProjectConfigurationPlatforms) = postSolution
		{38C65172-C4DD-46D1-9BF4-F15C5E960B93}.Debug|Any CPU.ActiveCfg = Debug|Any CPU
		{38C65172-C4DD-46D1-9BF4-F15C5E960B93}.Debug|Any CPU.Build.0 = Debug|Any CPU
		{38C65172-C4DD-46D1-9BF4-F15C5E960B93}.Debug|x64.ActiveCfg = Debug|Any CPU
		{38C65172-C4DD-46D1-9BF4-F15C5E960B93}.Debug|x64.Build.0 = Debug|Any CPU
		{38C65172-C4DD-46D1-9BF4-F15C5E960B93}.Debug|x86.ActiveCfg = Debug|Any CPU
		{38C65172-C4DD-46D1-9BF4-F15C5E960B93}.Debug|x86.Build.0 = Debug|Any CPU
		{38C65172-C4DD-46D1-9BF4-F15C5E960B93}.Release|Any CPU.ActiveCfg = Debug|Any CPU
		{38C65172-C4DD-46D1-9BF4-F15C5E960B93}.Release|Any CPU.Build.0 = Debug|Any CPU
		{38C65172-C4DD-46D1-9BF4-F15C5E960B93}.Release|x64.ActiveCfg = Debug|Any CPU
		{38C65172-C4DD-46D1-9BF4-F15C5E960B93}.Release|x64.Build.0 = Debug|Any CPU
		{38C65172-C4DD-46D1-9BF4-F15C5E960B93}.Release|x86.ActiveCfg = Debug|Any CPU
		{38C65172-C4DD-46D1-9BF4-F15C5E960B93}.Release|x86.Build.0 = Debug|Any CPU
		{65919F8C-63C1-46DA-98A3-8DC3D9E4833D}.Debug|Any CPU.ActiveCfg = Debug|Any CPU
		{65919F8C-63C1-46DA-98A3-8DC3D9E4833D}.Debug|Any CPU.Build.0 = Debug|Any CPU
		{65919F8C-63C1-46DA-98A3-8DC3D9E4833D}.Debug|x64.ActiveCfg = Debug|Any CPU
		{65919F8C-63C1-46DA-98A3-8DC3D9E4833D}.Debug|x64.Build.0 = Debug|Any CPU
		{65919F8C-63C1-46DA-98A3-8DC3D9E4833D}.Debug|x86.ActiveCfg = Debug|Any CPU
		{65919F8C-63C1-46DA-98A3-8DC3D9E4833D}.Debug|x86.Build.0 = Debug|Any CPU
		{65919F8C-63C1-46DA-98A3-8DC3D9E4833D}.Release|Any CPU.ActiveCfg = Release|Any CPU
		{65919F8C-63C1-46DA-98A3-8DC3D9E4833D}.Release|Any CPU.Build.0 = Release|Any CPU
		{65919F8C-63C1-46DA-98A3-8DC3D9E4833D}.Release|x64.ActiveCfg = Release|Any CPU
		{65919F8C-63C1-46DA-98A3-8DC3D9E4833D}.Release|x64.Build.0 = Release|Any CPU
		{65919F8C-63C1-46DA-98A3-8DC3D9E4833D}.Release|x86.ActiveCfg = Release|Any CPU
		{65919F8C-63C1-46DA-98A3-8DC3D9E4833D}.Release|x86.Build.0 = Release|Any CPU
	EndGlobalSection
	GlobalSection(SolutionProperties) = preSolution
		HideSolutionNode = FALSE
	EndGlobalSection
	GlobalSection(ExtensibilityGlobals) = postSolution
		SolutionGuid = {B7547AEF-B440-44D7-96B5-F9ACC9445B6B}
	EndGlobalSection
EndGlobal
